
Microsoft Visual Studio Solution File, Format Version 12.00
# Visual Studio Version 17
VisualStudioVersion = 17.8.34309.116
MinimumVisualStudioVersion = 10.0.40219.1
Project("{FAE04EC0-301F-11D3-BF4B-00C04F79EFBC}") = "SuperheroSocialClub", "SuperheroSocialClub\SuperheroSocialClub.csproj", "{4F200A1F-A1F6-4B4E-89BE-2452C3147904}"
EndProject
Global
	GlobalSection(SolutionConfigurationPlatforms) = preSolution
		Debug|Any CPU = Debug|Any CPU
		Release|Any CPU = Release|Any CPU
	EndGlobalSection
	GlobalSection(ProjectConfigurationPlatforms) = postSolution
		{4F200A1F-A1F6-4B4E-89BE-2452C3147904}.Debug|Any CPU.ActiveCfg = Debug|Any CPU
		{4F200A1F-A1F6-4B4E-89BE-2452C3147904}.Debug|Any CPU.Build.0 = Debug|Any CPU
		{4F200A1F-A1F6-4B4E-89BE-2452C3147904}.Release|Any CPU.ActiveCfg = Release|Any CPU
		{4F200A1F-A1F6-4B4E-89BE-2452C3147904}.Release|Any CPU.Build.0 = Release|Any CPU
	EndGlobalSection
	GlobalSection(SolutionProperties) = preSolution
		HideSolutionNode = FALSE
	EndGlobalSection
	GlobalSection(ExtensibilityGlobals) = postSolution
		SolutionGuid = {D89F6721-20CA-45DA-9162-26510A8F308C}
	EndGlobalSection
EndGlobal
